// !$*UTF8*$!
{
	archiveVersion = 1;
	classes = {
	};
	objectVersion = 55;
	objects = {

/* Begin PBXBuildFile section */
		2743A09628C0DA9F00764E61 /* xcode_cloud_app1App.swift in Sources */ = {isa = PBXBuildFile; fileRef = 2743A09528C0DA9F00764E61 /* xcode_cloud_app1App.swift */; };
		2743A09828C0DA9F00764E61 /* ContentView.swift in Sources */ = {isa = PBXBuildFile; fileRef = 2743A09728C0DA9F00764E61 /* ContentView.swift */; };
		2743A09A28C0DAA000764E61 /* Assets.xcassets in Resources */ = {isa = PBXBuildFile; fileRef = 2743A09928C0DAA000764E61 /* Assets.xcassets */; };
		2743A09D28C0DAA000764E61 /* Preview Assets.xcassets in Resources */ = {isa = PBXBuildFile; fileRef = 2743A09C28C0DAA000764E61 /* Preview Assets.xcassets */; };
		2743A0A728C0DAA000764E61 /* xcode_cloud_app1Tests.swift in Sources */ = {isa = PBXBuildFile; fileRef = 2743A0A628C0DAA000764E61 /* xcode_cloud_app1Tests.swift */; };
		2743A0B128C0DAA000764E61 /* xcode_cloud_app1UITests.swift in Sources */ = {isa = PBXBuildFile; fileRef = 2743A0B028C0DAA000764E61 /* xcode_cloud_app1UITests.swift */; };
		2743A0B328C0DAA000764E61 /* xcode_cloud_app1UITestsLaunchTests.swift in Sources */ = {isa = PBXBuildFile; fileRef = 2743A0B228C0DAA000764E61 /* xcode_cloud_app1UITestsLaunchTests.swift */; };
/* End PBXBuildFile section */

/* Begin PBXContainerItemProxy section */
		2743A0A328C0DAA000764E61 /* PBXContainerItemProxy */ = {
			isa = PBXContainerItemProxy;
			containerPortal = 2743A08A28C0DA9F00764E61 /* Project object */;
			proxyType = 1;
			remoteGlobalIDString = 2743A09128C0DA9F00764E61;
			remoteInfo = "xcode cloud app1";
		};
		2743A0AD28C0DAA000764E61 /* PBXContainerItemProxy */ = {
			isa = PBXContainerItemProxy;
			containerPortal = 2743A08A28C0DA9F00764E61 /* Project object */;
			proxyType = 1;
			remoteGlobalIDString = 2743A09128C0DA9F00764E61;
			remoteInfo = "xcode cloud app1";
		};
/* End PBXContainerItemProxy section */

/* Begin PBXFileReference section */
		2743A09228C0DA9F00764E61 /* xcode cloud app1.app */ = {isa = PBXFileReference; explicitFileType = wrapper.application; includeInIndex = 0; path = "xcode cloud app1.app"; sourceTree = BUILT_PRODUCTS_DIR; };
		2743A09528C0DA9F00764E61 /* xcode_cloud_app1App.swift */ = {isa = PBXFileReference; lastKnownFileType = sourcecode.swift; path = xcode_cloud_app1App.swift; sourceTree = "<group>"; };
		2743A09728C0DA9F00764E61 /* ContentView.swift */ = {isa = PBXFileReference; lastKnownFileType = sourcecode.swift; path = ContentView.swift; sourceTree = "<group>"; };
		2743A09928C0DAA000764E61 /* Assets.xcassets */ = {isa = PBXFileReference; lastKnownFileType = folder.assetcatalog; path = Assets.xcassets; sourceTree = "<group>"; };
		2743A09C28C0DAA000764E61 /* Preview Assets.xcassets */ = {isa = PBXFileReference; lastKnownFileType = folder.assetcatalog; path = "Preview Assets.xcassets"; sourceTree = "<group>"; };
		2743A0A228C0DAA000764E61 /* xcode cloud app1Tests.xctest */ = {isa = PBXFileReference; explicitFileType = wrapper.cfbundle; includeInIndex = 0; path = "xcode cloud app1Tests.xctest"; sourceTree = BUILT_PRODUCTS_DIR; };
		2743A0A628C0DAA000764E61 /* xcode_cloud_app1Tests.swift */ = {isa = PBXFileReference; lastKnownFileType = sourcecode.swift; path = xcode_cloud_app1Tests.swift; sourceTree = "<group>"; };
		2743A0AC28C0DAA000764E61 /* xcode cloud app1UITests.xctest */ = {isa = PBXFileReference; explicitFileType = wrapper.cfbundle; includeInIndex = 0; path = "xcode cloud app1UITests.xctest"; sourceTree = BUILT_PRODUCTS_DIR; };
		2743A0B028C0DAA000764E61 /* xcode_cloud_app1UITests.swift */ = {isa = PBXFileReference; lastKnownFileType = sourcecode.swift; path = xcode_cloud_app1UITests.swift; sourceTree = "<group>"; };
		2743A0B228C0DAA000764E61 /* xcode_cloud_app1UITestsLaunchTests.swift */ = {isa = PBXFileReference; lastKnownFileType = sourcecode.swift; path = xcode_cloud_app1UITestsLaunchTests.swift; sourceTree = "<group>"; };
		2743A0C028C0F1BA00764E61 /* ci_post_clone.sh */ = {isa = PBXFileReference; lastKnownFileType = text.script.sh; path = ci_post_clone.sh; sourceTree = "<group>"; };
/* End PBXFileReference section */

/* Begin PBXFrameworksBuildPhase section */
		2743A08F28C0DA9F00764E61 /* Frameworks */ = {
			isa = PBXFrameworksBuildPhase;
			buildActionMask = 2147483647;
			files = (
			);
			runOnlyForDeploymentPostprocessing = 0;
		};
		2743A09F28C0DAA000764E61 /* Frameworks */ = {
			isa = PBXFrameworksBuildPhase;
			buildActionMask = 2147483647;
			files = (
			);
			runOnlyForDeploymentPostprocessing = 0;
		};
		2743A0A928C0DAA000764E61 /* Frameworks */ = {
			isa = PBXFrameworksBuildPhase;
			buildActionMask = 2147483647;
			files = (
			);
			runOnlyForDeploymentPostprocessing = 0;
		};
/* End PBXFrameworksBuildPhase section */

/* Begin PBXGroup section */
		2743A08928C0DA9F00764E61 = {
			isa = PBXGroup;
			children = (
				2743A0BF28C0F16A00764E61 /* ci_scripts */,
				2743A09428C0DA9F00764E61 /* xcode cloud app1 */,
				2743A0A528C0DAA000764E61 /* xcode cloud app1Tests */,
				2743A0AF28C0DAA000764E61 /* xcode cloud app1UITests */,
				2743A09328C0DA9F00764E61 /* Products */,
			);
			sourceTree = "<group>";
		};
		2743A09328C0DA9F00764E61 /* Products */ = {
			isa = PBXGroup;
			children = (
				2743A09228C0DA9F00764E61 /* xcode cloud app1.app */,
				2743A0A228C0DAA000764E61 /* xcode cloud app1Tests.xctest */,
				2743A0AC28C0DAA000764E61 /* xcode cloud app1UITests.xctest */,
			);
			name = Products;
			sourceTree = "<group>";
		};
		2743A09428C0DA9F00764E61 /* xcode cloud app1 */ = {
			isa = PBXGroup;
			children = (
				2743A09528C0DA9F00764E61 /* xcode_cloud_app1App.swift */,
				2743A09728C0DA9F00764E61 /* ContentView.swift */,
				2743A09928C0DAA000764E61 /* Assets.xcassets */,
				2743A09B28C0DAA000764E61 /* Preview Content */,
			);
			path = "xcode cloud app1";
			sourceTree = "<group>";
		};
		2743A09B28C0DAA000764E61 /* Preview Content */ = {
			isa = PBXGroup;
			children = (
				2743A09C28C0DAA000764E61 /* Preview Assets.xcassets */,
			);
			path = "Preview Content";
			sourceTree = "<group>";
		};
		2743A0A528C0DAA000764E61 /* xcode cloud app1Tests */ = {
			isa = PBXGroup;
			children = (
				2743A0A628C0DAA000764E61 /* xcode_cloud_app1Tests.swift */,
			);
			path = "xcode cloud app1Tests";
			sourceTree = "<group>";
		};
		2743A0AF28C0DAA000764E61 /* xcode cloud app1UITests */ = {
			isa = PBXGroup;
			children = (
				2743A0B028C0DAA000764E61 /* xcode_cloud_app1UITests.swift */,
				2743A0B228C0DAA000764E61 /* xcode_cloud_app1UITestsLaunchTests.swift */,
			);
			path = "xcode cloud app1UITests";
			sourceTree = "<group>";
		};
		2743A0BF28C0F16A00764E61 /* ci_scripts */ = {
			isa = PBXGroup;
			children = (
				2743A0C028C0F1BA00764E61 /* ci_post_clone.sh */,
			);
			path = ci_scripts;
			sourceTree = "<group>";
		};
/* End PBXGroup section */

/* Begin PBXNativeTarget section */
		2743A09128C0DA9F00764E61 /* xcode cloud app1 */ = {
			isa = PBXNativeTarget;
			buildConfigurationList = 2743A0B628C0DAA000764E61 /* Build configuration list for PBXNativeTarget "xcode cloud app1" */;
			buildPhases = (
				2743A08E28C0DA9F00764E61 /* Sources */,
				2743A08F28C0DA9F00764E61 /* Frameworks */,
				2743A09028C0DA9F00764E61 /* Resources */,
			);
			buildRules = (
			);
			dependencies = (
			);
			name = "xcode cloud app1";
			productName = "xcode cloud app1";
			productReference = 2743A09228C0DA9F00764E61 /* xcode cloud app1.app */;
			productType = "com.apple.product-type.application";
		};
		2743A0A128C0DAA000764E61 /* xcode cloud app1Tests */ = {
			isa = PBXNativeTarget;
			buildConfigurationList = 2743A0B928C0DAA000764E61 /* Build configuration list for PBXNativeTarget "xcode cloud app1Tests" */;
			buildPhases = (
				2743A09E28C0DAA000764E61 /* Sources */,
				2743A09F28C0DAA000764E61 /* Frameworks */,
				2743A0A028C0DAA000764E61 /* Resources */,
			);
			buildRules = (
			);
			dependencies = (
				2743A0A428C0DAA000764E61 /* PBXTargetDependency */,
			);
			name = "xcode cloud app1Tests";
			productName = "xcode cloud app1Tests";
			productReference = 2743A0A228C0DAA000764E61 /* xcode cloud app1Tests.xctest */;
			productType = "com.apple.product-type.bundle.unit-test";
		};
		2743A0AB28C0DAA000764E61 /* xcode cloud app1UITests */ = {
			isa = PBXNativeTarget;
			buildConfigurationList = 2743A0BC28C0DAA000764E61 /* Build configuration list for PBXNativeTarget "xcode cloud app1UITests" */;
			buildPhases = (
				2743A0A828C0DAA000764E61 /* Sources */,
				2743A0A928C0DAA000764E61 /* Frameworks */,
				2743A0AA28C0DAA000764E61 /* Resources */,
			);
			buildRules = (
			);
			dependencies = (
				2743A0AE28C0DAA000764E61 /* PBXTargetDependency */,
			);
			name = "xcode cloud app1UITests";
			productName = "xcode cloud app1UITests";
			productReference = 2743A0AC28C0DAA000764E61 /* xcode cloud app1UITests.xctest */;
			productType = "com.apple.product-type.bundle.ui-testing";
		};
/* End PBXNativeTarget section */

/* Begin PBXProject section */
		2743A08A28C0DA9F00764E61 /* Project object */ = {
			isa = PBXProject;
			attributes = {
				BuildIndependentTargetsInParallel = 1;
				LastSwiftUpdateCheck = 1340;
				LastUpgradeCheck = 1340;
				TargetAttributes = {
					2743A09128C0DA9F00764E61 = {
						CreatedOnToolsVersion = 13.4.1;
					};
					2743A0A128C0DAA000764E61 = {
						CreatedOnToolsVersion = 13.4.1;
						TestTargetID = 2743A09128C0DA9F00764E61;
					};
					2743A0AB28C0DAA000764E61 = {
						CreatedOnToolsVersion = 13.4.1;
						TestTargetID = 2743A09128C0DA9F00764E61;
					};
				};
			};
			buildConfigurationList = 2743A08D28C0DA9F00764E61 /* Build configuration list for PBXProject "xcode cloud app1" */;
			compatibilityVersion = "Xcode 13.0";
			developmentRegion = en;
			hasScannedForEncodings = 0;
			knownRegions = (
				en,
				Base,
			);
			mainGroup = 2743A08928C0DA9F00764E61;
			productRefGroup = 2743A09328C0DA9F00764E61 /* Products */;
			projectDirPath = "";
			projectRoot = "";
			targets = (
				2743A09128C0DA9F00764E61 /* xcode cloud app1 */,
				2743A0A128C0DAA000764E61 /* xcode cloud app1Tests */,
				2743A0AB28C0DAA000764E61 /* xcode cloud app1UITests */,
			);
		};
/* End PBXProject section */

/* Begin PBXResourcesBuildPhase section */
		2743A09028C0DA9F00764E61 /* Resources */ = {
			isa = PBXResourcesBuildPhase;
			buildActionMask = 2147483647;
			files = (
				2743A09D28C0DAA000764E61 /* Preview Assets.xcassets in Resources */,
				2743A09A28C0DAA000764E61 /* Assets.xcassets in Resources */,
			);
			runOnlyForDeploymentPostprocessing = 0;
		};
		2743A0A028C0DAA000764E61 /* Resources */ = {
			isa = PBXResourcesBuildPhase;
			buildActionMask = 2147483647;
			files = (
			);
			runOnlyForDeploymentPostprocessing = 0;
		};
		2743A0AA28C0DAA000764E61 /* Resources */ = {
			isa = PBXResourcesBuildPhase;
			buildActionMask = 2147483647;
			files = (
			);
			runOnlyForDeploymentPostprocessing = 0;
		};
/* End PBXResourcesBuildPhase section */

/* Begin PBXSourcesBuildPhase section */
		2743A08E28C0DA9F00764E61 /* Sources */ = {
			isa = PBXSourcesBuildPhase;
			buildActionMask = 2147483647;
			files = (
				2743A09828C0DA9F00764E61 /* ContentView.swift in Sources */,
				2743A09628C0DA9F00764E61 /* xcode_cloud_app1App.swift in Sources */,
			);
			runOnlyForDeploymentPostprocessing = 0;
		};
		2743A09E28C0DAA000764E61 /* Sources */ = {
			isa = PBXSourcesBuildPhase;
			buildActionMask = 2147483647;
			files = (
				2743A0A728C0DAA000764E61 /* xcode_cloud_app1Tests.swift in Sources */,
			);
			runOnlyForDeploymentPostprocessing = 0;
		};
		2743A0A828C0DAA000764E61 /* Sources */ = {
			isa = PBXSourcesBuildPhase;
			buildActionMask = 2147483647;
			files = (
				2743A0B328C0DAA000764E61 /* xcode_cloud_app1UITestsLaunchTests.swift in Sources */,
				2743A0B128C0DAA000764E61 /* xcode_cloud_app1UITests.swift in Sources */,
			);
			runOnlyForDeploymentPostprocessing = 0;
		};
/* End PBXSourcesBuildPhase section */

/* Begin PBXTargetDependency section */
		2743A0A428C0DAA000764E61 /* PBXTargetDependency */ = {
			isa = PBXTargetDependency;
			target = 2743A09128C0DA9F00764E61 /* xcode cloud app1 */;
			targetProxy = 2743A0A328C0DAA000764E61 /* PBXContainerItemProxy */;
		};
		2743A0AE28C0DAA000764E61 /* PBXTargetDependency */ = {
			isa = PBXTargetDependency;
			target = 2743A09128C0DA9F00764E61 /* xcode cloud app1 */;
			targetProxy = 2743A0AD28C0DAA000764E61 /* PBXContainerItemProxy */;
		};
/* End PBXTargetDependency section */

/* Begin XCBuildConfiguration section */
		2743A0B428C0DAA000764E61 /* Debug */ = {
			isa = XCBuildConfiguration;
			buildSettings = {
				ALWAYS_SEARCH_USER_PATHS = NO;
				CLANG_ANALYZER_NONNULL = YES;
				CLANG_ANALYZER_NUMBER_OBJECT_CONVERSION = YES_AGGRESSIVE;
				CLANG_CXX_LANGUAGE_STANDARD = "gnu++17";
				CLANG_ENABLE_MODULES = YES;
				CLANG_ENABLE_OBJC_ARC = YES;
				CLANG_ENABLE_OBJC_WEAK = YES;
				CLANG_WARN_BLOCK_CAPTURE_AUTORELEASING = YES;
				CLANG_WARN_BOOL_CONVERSION = YES;
				CLANG_WARN_COMMA = YES;
				CLANG_WARN_CONSTANT_CONVERSION = YES;
				CLANG_WARN_DEPRECATED_OBJC_IMPLEMENTATIONS = YES;
				CLANG_WARN_DIRECT_OBJC_ISA_USAGE = YES_ERROR;
				CLANG_WARN_DOCUMENTATION_COMMENTS = YES;
				CLANG_WARN_EMPTY_BODY = YES;
				CLANG_WARN_ENUM_CONVERSION = YES;
				CLANG_WARN_INFINITE_RECURSION = YES;
				CLANG_WARN_INT_CONVERSION = YES;
				CLANG_WARN_NON_LITERAL_NULL_CONVERSION = YES;
				CLANG_WARN_OBJC_IMPLICIT_RETAIN_SELF = YES;
				CLANG_WARN_OBJC_LITERAL_CONVERSION = YES;
				CLANG_WARN_OBJC_ROOT_CLASS = YES_ERROR;
				CLANG_WARN_QUOTED_INCLUDE_IN_FRAMEWORK_HEADER = YES;
				CLANG_WARN_RANGE_LOOP_ANALYSIS = YES;
				CLANG_WARN_STRICT_PROTOTYPES = YES;
				CLANG_WARN_SUSPICIOUS_MOVE = YES;
				CLANG_WARN_UNGUARDED_AVAILABILITY = YES_AGGRESSIVE;
				CLANG_WARN_UNREACHABLE_CODE = YES;
				CLANG_WARN__DUPLICATE_METHOD_MATCH = YES;
				COPY_PHASE_STRIP = NO;
				DEBUG_INFORMATION_FORMAT = dwarf;
				ENABLE_STRICT_OBJC_MSGSEND = YES;
				ENABLE_TESTABILITY = YES;
				GCC_C_LANGUAGE_STANDARD = gnu11;
				GCC_DYNAMIC_NO_PIC = NO;
				GCC_NO_COMMON_BLOCKS = YES;
				GCC_OPTIMIZATION_LEVEL = 0;
				GCC_PREPROCESSOR_DEFINITIONS = (
					"DEBUG=1",
					"$(inherited)",
				);
				GCC_WARN_64_TO_32_BIT_CONVERSION = YES;
				GCC_WARN_ABOUT_RETURN_TYPE = YES_ERROR;
				GCC_WARN_UNDECLARED_SELECTOR = YES;
				GCC_WARN_UNINITIALIZED_AUTOS = YES_AGGRESSIVE;
				GCC_WARN_UNUSED_FUNCTION = YES;
				GCC_WARN_UNUSED_VARIABLE = YES;
				IPHONEOS_DEPLOYMENT_TARGET = 15.5;
				MTL_ENABLE_DEBUG_INFO = INCLUDE_SOURCE;
				MTL_FAST_MATH = YES;
				ONLY_ACTIVE_ARCH = YES;
				SDKROOT = iphoneos;
				SWIFT_ACTIVE_COMPILATION_CONDITIONS = DEBUG;
				SWIFT_OPTIMIZATION_LEVEL = "-Onone";
			};
			name = Debug;
		};
		2743A0B528C0DAA000764E61 /* Release */ = {
			isa = XCBuildConfiguration;
			buildSettings = {
				ALWAYS_SEARCH_USER_PATHS = NO;
				CLANG_ANALYZER_NONNULL = YES;
				CLANG_ANALYZER_NUMBER_OBJECT_CONVERSION = YES_AGGRESSIVE;
				CLANG_CXX_LANGUAGE_STANDARD = "gnu++17";
				CLANG_ENABLE_MODULES = YES;
				CLANG_ENABLE_OBJC_ARC = YES;
				CLANG_ENABLE_OBJC_WEAK = YES;
				CLANG_WARN_BLOCK_CAPTURE_AUTORELEASING = YES;
				CLANG_WARN_BOOL_CONVERSION = YES;
				CLANG_WARN_COMMA = YES;
				CLANG_WARN_CONSTANT_CONVERSION = YES;
				CLANG_WARN_DEPRECATED_OBJC_IMPLEMENTATIONS = YES;
				CLANG_WARN_DIRECT_OBJC_ISA_USAGE = YES_ERROR;
				CLANG_WARN_DOCUMENTATION_COMMENTS = YES;
				CLANG_WARN_EMPTY_BODY = YES;
				CLANG_WARN_ENUM_CONVERSION = YES;
				CLANG_WARN_INFINITE_RECURSION = YES;
				CLANG_WARN_INT_CONVERSION = YES;
				CLANG_WARN_NON_LITERAL_NULL_CONVERSION = YES;
				CLANG_WARN_OBJC_IMPLICIT_RETAIN_SELF = YES;
				CLANG_WARN_OBJC_LITERAL_CONVERSION = YES;
				CLANG_WARN_OBJC_ROOT_CLASS = YES_ERROR;
				CLANG_WARN_QUOTED_INCLUDE_IN_FRAMEWORK_HEADER = YES;
				CLANG_WARN_RANGE_LOOP_ANALYSIS = YES;
				CLANG_WARN_STRICT_PROTOTYPES = YES;
				CLANG_WARN_SUSPICIOUS_MOVE = YES;
				CLANG_WARN_UNGUARDED_AVAILABILITY = YES_AGGRESSIVE;
				CLANG_WARN_UNREACHABLE_CODE = YES;
				CLANG_WARN__DUPLICATE_METHOD_MATCH = YES;
				COPY_PHASE_STRIP = NO;
				DEBUG_INFORMATION_FORMAT = "dwarf-with-dsym";
				ENABLE_NS_ASSERTIONS = NO;
				ENABLE_STRICT_OBJC_MSGSEND = YES;
				GCC_C_LANGUAGE_STANDARD = gnu11;
				GCC_NO_COMMON_BLOCKS = YES;
				GCC_WARN_64_TO_32_BIT_CONVERSION = YES;
				GCC_WARN_ABOUT_RETURN_TYPE = YES_ERROR;
				GCC_WARN_UNDECLARED_SELECTOR = YES;
				GCC_WARN_UNINITIALIZED_AUTOS = YES_AGGRESSIVE;
				GCC_WARN_UNUSED_FUNCTION = YES;
				GCC_WARN_UNUSED_VARIABLE = YES;
				IPHONEOS_DEPLOYMENT_TARGET = 15.5;
				MTL_ENABLE_DEBUG_INFO = NO;
				MTL_FAST_MATH = YES;
				SDKROOT = iphoneos;
				SWIFT_COMPILATION_MODE = wholemodule;
				SWIFT_OPTIMIZATION_LEVEL = "-O";
				VALIDATE_PRODUCT = YES;
			};
			name = Release;
		};
		2743A0B728C0DAA000764E61 /* Debug */ = {
			isa = XCBuildConfiguration;
			buildSettings = {
				ASSETCATALOG_COMPILER_APPICON_NAME = AppIcon;
				ASSETCATALOG_COMPILER_GLOBAL_ACCENT_COLOR_NAME = AccentColor;
				CODE_SIGN_IDENTITY = "Apple Development";
				CODE_SIGN_STYLE = Manual;
				CURRENT_PROJECT_VERSION = 1;
				DEVELOPMENT_ASSET_PATHS = "\"xcode cloud app1/Preview Content\"";
				DEVELOPMENT_TEAM = "";
				"DEVELOPMENT_TEAM[sdk=iphoneos*]" = 826XD4LA79;
				ENABLE_PREVIEWS = YES;
				GENERATE_INFOPLIST_FILE = YES;
				INFOPLIST_KEY_UIApplicationSceneManifest_Generation = YES;
				INFOPLIST_KEY_UIApplicationSupportsIndirectInputEvents = YES;
				INFOPLIST_KEY_UILaunchScreen_Generation = YES;
				INFOPLIST_KEY_UISupportedInterfaceOrientations_iPad = "UIInterfaceOrientationPortrait UIInterfaceOrientationPortraitUpsideDown UIInterfaceOrientationLandscapeLeft UIInterfaceOrientationLandscapeRight";
				INFOPLIST_KEY_UISupportedInterfaceOrientations_iPhone = "UIInterfaceOrientationPortrait UIInterfaceOrientationLandscapeLeft UIInterfaceOrientationLandscapeRight";
				LD_RUNPATH_SEARCH_PATHS = (
					"$(inherited)",
					"@executable_path/Frameworks",
				);
				MARKETING_VERSION = 1.0;
				PRODUCT_BUNDLE_IDENTIFIER = com.unibet.cloudtestapp;
				PRODUCT_NAME = "$(TARGET_NAME)";
				PROVISIONING_PROFILE_SPECIFIER = "";
				"PROVISIONING_PROFILE_SPECIFIER[sdk=iphoneos*]" = "TestProject Profile";
				SWIFT_EMIT_LOC_STRINGS = YES;
				SWIFT_VERSION = 5.0;
				TARGETED_DEVICE_FAMILY = "1,2";
			};
			name = Debug;
		};
		2743A0B828C0DAA000764E61 /* Release */ = {
			isa = XCBuildConfiguration;
			buildSettings = {
				ASSETCATALOG_COMPILER_APPICON_NAME = AppIcon;
				ASSETCATALOG_COMPILER_GLOBAL_ACCENT_COLOR_NAME = AccentColor;
				CODE_SIGN_IDENTITY = "Apple Development";
				CODE_SIGN_STYLE = Manual;
				CURRENT_PROJECT_VERSION = 1;
				DEVELOPMENT_ASSET_PATHS = "\"xcode cloud app1/Preview Content\"";
				DEVELOPMENT_TEAM = "";
				"DEVELOPMENT_TEAM[sdk=iphoneos*]" = 826XD4LA79;
				ENABLE_PREVIEWS = YES;
				GENERATE_INFOPLIST_FILE = YES;
				INFOPLIST_KEY_UIApplicationSceneManifest_Generation = YES;
				INFOPLIST_KEY_UIApplicationSupportsIndirectInputEvents = YES;
				INFOPLIST_KEY_UILaunchScreen_Generation = YES;
				INFOPLIST_KEY_UISupportedInterfaceOrientations_iPad = "UIInterfaceOrientationPortrait UIInterfaceOrientationPortraitUpsideDown UIInterfaceOrientationLandscapeLeft UIInterfaceOrientationLandscapeRight";
				INFOPLIST_KEY_UISupportedInterfaceOrientations_iPhone = "UIInterfaceOrientationPortrait UIInterfaceOrientationLandscapeLeft UIInterfaceOrientationLandscapeRight";
				LD_RUNPATH_SEARCH_PATHS = (
					"$(inherited)",
					"@executable_path/Frameworks",
				);
				MARKETING_VERSION = 1.0;
				PRODUCT_BUNDLE_IDENTIFIER = com.unibet.cloudtestapp;
				PRODUCT_NAME = "$(TARGET_NAME)";
				PROVISIONING_PROFILE_SPECIFIER = "";
				"PROVISIONING_PROFILE_SPECIFIER[sdk=iphoneos*]" = "TestProject Profile";
				SWIFT_EMIT_LOC_STRINGS = YES;
				SWIFT_VERSION = 5.0;
				TARGETED_DEVICE_FAMILY = "1,2";
			};
			name = Release;
		};
		2743A0BA28C0DAA000764E61 /* Debug */ = {
			isa = XCBuildConfiguration;
			buildSettings = {
				ALWAYS_EMBED_SWIFT_STANDARD_LIBRARIES = YES;
				BUNDLE_LOADER = "$(TEST_HOST)";
				CODE_SIGN_STYLE = Automatic;
				CURRENT_PROJECT_VERSION = 1;
				DEVELOPMENT_TEAM = 93JGJG36AU;
				GENERATE_INFOPLIST_FILE = YES;
				IPHONEOS_DEPLOYMENT_TARGET = 15.5;
				MARKETING_VERSION = 1.0;
				PRODUCT_BUNDLE_IDENTIFIER = "com.unibet.xcode-cloud-app1Tests";
				PRODUCT_NAME = "$(TARGET_NAME)";
				SWIFT_EMIT_LOC_STRINGS = NO;
				SWIFT_VERSION = 5.0;
				TARGETED_DEVICE_FAMILY = "1,2";
				TEST_HOST = "$(BUILT_PRODUCTS_DIR)/xcode cloud app1.app/xcode cloud app1";
			};
			name = Debug;
		};
		2743A0BB28C0DAA000764E61 /* Release */ = {
			isa = XCBuildConfiguration;
			buildSettings = {
				ALWAYS_EMBED_SWIFT_STANDARD_LIBRARIES = YES;
				BUNDLE_LOADER = "$(TEST_HOST)";
				CODE_SIGN_STYLE = Automatic;
				CURRENT_PROJECT_VERSION = 1;
				DEVELOPMENT_TEAM = 93JGJG36AU;
				GENERATE_INFOPLIST_FILE = YES;
				IPHONEOS_DEPLOYMENT_TARGET = 15.5;
				MARKETING_VERSION = 1.0;
				PRODUCT_BUNDLE_IDENTIFIER = "com.unibet.xcode-cloud-app1Tests";
				PRODUCT_NAME = "$(TARGET_NAME)";
				SWIFT_EMIT_LOC_STRINGS = NO;
				SWIFT_VERSION = 5.0;
				TARGETED_DEVICE_FAMILY = "1,2";
				TEST_HOST = "$(BUILT_PRODUCTS_DIR)/xcode cloud app1.app/xcode cloud app1";
			};
			name = Release;
		};
		2743A0BD28C0DAA000764E61 /* Debug */ = {
			isa = XCBuildConfiguration;
			buildSettings = {
				ALWAYS_EMBED_SWIFT_STANDARD_LIBRARIES = YES;
				CODE_SIGN_STYLE = Automatic;
				CURRENT_PROJECT_VERSION = 1;
				DEVELOPMENT_TEAM = 93JGJG36AU;
				GENERATE_INFOPLIST_FILE = YES;
				MARKETING_VERSION = 1.0;
				PRODUCT_BUNDLE_IDENTIFIER = "com.unibet.xcode-cloud-app1UITests";
				PRODUCT_NAME = "$(TARGET_NAME)";
				SWIFT_EMIT_LOC_STRINGS = NO;
				SWIFT_VERSION = 5.0;
				TARGETED_DEVICE_FAMILY = "1,2";
				TEST_TARGET_NAME = "xcode cloud app1";
			};
			name = Debug;
		};
		2743A0BE28C0DAA000764E61 /* Release */ = {
			isa = XCBuildConfiguration;
			buildSettings = {
				ALWAYS_EMBED_SWIFT_STANDARD_LIBRARIES = YES;
				CODE_SIGN_STYLE = Automatic;
				CURRENT_PROJECT_VERSION = 1;
				DEVELOPMENT_TEAM = 93JGJG36AU;
				GENERATE_INFOPLIST_FILE = YES;
				MARKETING_VERSION = 1.0;
				PRODUCT_BUNDLE_IDENTIFIER = "com.unibet.xcode-cloud-app1UITests";
				PRODUCT_NAME = "$(TARGET_NAME)";
				SWIFT_EMIT_LOC_STRINGS = NO;
				SWIFT_VERSION = 5.0;
				TARGETED_DEVICE_FAMILY = "1,2";
				TEST_TARGET_NAME = "xcode cloud app1";
			};
			name = Release;
		};
/* End XCBuildConfiguration section */

/* Begin XCConfigurationList section */
		2743A08D28C0DA9F00764E61 /* Build configuration list for PBXProject "xcode cloud app1" */ = {
			isa = XCConfigurationList;
			buildConfigurations = (
				2743A0B428C0DAA000764E61 /* Debug */,
				2743A0B528C0DAA000764E61 /* Release */,
			);
			defaultConfigurationIsVisible = 0;
			defaultConfigurationName = Release;
		};
		2743A0B628C0DAA000764E61 /* Build configuration list for PBXNativeTarget "xcode cloud app1" */ = {
			isa = XCConfigurationList;
			buildConfigurations = (
				2743A0B728C0DAA000764E61 /* Debug */,
				2743A0B828C0DAA000764E61 /* Release */,
			);
			defaultConfigurationIsVisible = 0;
			defaultConfigurationName = Release;
		};
		2743A0B928C0DAA000764E61 /* Build configuration list for PBXNativeTarget "xcode cloud app1Tests" */ = {
			isa = XCConfigurationList;
			buildConfigurations = (
				2743A0BA28C0DAA000764E61 /* Debug */,
				2743A0BB28C0DAA000764E61 /* Release */,
			);
			defaultConfigurationIsVisible = 0;
			defaultConfigurationName = Release;
		};
		2743A0BC28C0DAA000764E61 /* Build configuration list for PBXNativeTarget "xcode cloud app1UITests" */ = {
			isa = XCConfigurationList;
			buildConfigurations = (
				2743A0BD28C0DAA000764E61 /* Debug */,
				2743A0BE28C0DAA000764E61 /* Release */,
			);
			defaultConfigurationIsVisible = 0;
			defaultConfigurationName = Release;
		};
/* End XCConfigurationList section */
	};
	rootObject = 2743A08A28C0DA9F00764E61 /* Project object */;
}
